{
  "name": "LEI-SEM5-PI-2025-26-3DK-04",
  "lockfileVersion": 3,
  "requires": true,
  "packages": {
    "": {
      "dependencies": {
        "@abacritt/angularx-social-login": "^2.5.1",
        "@ngx-translate/core": "^17.0.0",
        "@ngx-translate/http-loader": "^17.0.0",
        "angular-oauth2-oidc": "^20.0.2"
      }
    },
    "node_modules/@abacritt/angularx-social-login": {
      "version": "2.5.1",
      "resolved": "https://registry.npmjs.org/@abacritt/angularx-social-login/-/angularx-social-login-2.5.1.tgz",
      "integrity": "sha512-bZW49XDbqnN78GUHX13OUKri/p9y+JZbE1qa0ilCV0pIkb7ciGuSwla/8YHaKss5CXmeCFeX6lJOUzJXQHeuBw==",
      "license": "MIT",
      "dependencies": {
        "tslib": ">=2.8.1"
      },
      "peerDependencies": {
        "@angular/common": ">=20.1.3",
        "@angular/core": ">=20.1.3"
      }
    },
    "node_modules/@angular/common": {
      "version": "20.3.10",
      "resolved": "https://registry.npmjs.org/@angular/common/-/common-20.3.10.tgz",
      "integrity": "sha512-12fEzvKbEqjqy1fSk9DMYlJz6dF1MJVXuC5BB+oWWJpd+2lfh4xJ62pkvvLGAICI89hfM5n9Cy5kWnXwnqPZsA==",
      "license": "MIT",
      "peer": true,
      "dependencies": {
        "tslib": "^2.3.0"
      },
      "engines": {
        "node": "^20.19.0 || ^22.12.0 || >=24.0.0"
      },
      "peerDependencies": {
        "@angular/core": "20.3.10",
        "rxjs": "^6.5.3 || ^7.4.0"
      }
    },
    "node_modules/@angular/core": {
      "version": "20.3.10",
      "resolved": "https://registry.npmjs.org/@angular/core/-/core-20.3.10.tgz",
      "integrity": "sha512-g99Qe+NOVo72OLxowVF9NjCckswWYHmvO7MgeiZTDJbTjF9tXH96dMx7AWq76/GUinV10sNzDysVW16NoAbCRQ==",
      "license": "MIT",
      "peer": true,
      "dependencies": {
        "tslib": "^2.3.0"
      },
      "engines": {
        "node": "^20.19.0 || ^22.12.0 || >=24.0.0"
      },
      "peerDependencies": {
        "@angular/compiler": "20.3.10",
        "rxjs": "^6.5.3 || ^7.4.0",
        "zone.js": "~0.15.0"
      },
      "peerDependenciesMeta": {
        "@angular/compiler": {
          "optional": true
        },
        "zone.js": {
          "optional": true
        }
      }
    },
    "node_modules/@ngx-translate/core": {
      "version": "17.0.0",
      "resolved": "https://registry.npmjs.org/@ngx-translate/core/-/core-17.0.0.tgz",
      "integrity": "sha512-Rft2D5ns2pq4orLZjEtx1uhNuEBerUdpFUG1IcqtGuipj6SavgB8SkxtNQALNDA+EVlvsNCCjC2ewZVtUeN6rg==",
      "license": "MIT",
      "dependencies": {
        "tslib": "^2.3.0"
      },
      "peerDependencies": {
        "@angular/common": ">=16",
        "@angular/core": ">=16"
      }
    },
    "node_modules/@ngx-translate/http-loader": {
      "version": "17.0.0",
      "resolved": "https://registry.npmjs.org/@ngx-translate/http-loader/-/http-loader-17.0.0.tgz",
      "integrity": "sha512-hgS8sa0ARjH9ll3PhkLTufeVXNI2DNR2uFKDhBgq13siUXzzVr/a31M6zgecrtwbA34iaBV01hsTMbMS8V7iIw==",
      "license": "MIT",
      "dependencies": {
        "tslib": "^2.3.0"
      },
      "peerDependencies": {
        "@angular/common": ">=16",
        "@angular/core": ">=16"
      }
    },
    "node_modules/angular-oauth2-oidc": {
      "version": "20.0.2",
      "resolved": "https://registry.npmjs.org/angular-oauth2-oidc/-/angular-oauth2-oidc-20.0.2.tgz",
      "integrity": "sha512-bMSXEQIuvgq8yqnsIatZggAvCJvY+pm7G8MK0tWCHR93UpFuNN+L5B6pY9CzRg8Ys+VVhkLIBx4zEHbJnv9icg==",
      "license": "MIT",
      "dependencies": {
        "tslib": "^2.5.2"
      },
      "peerDependencies": {
        "@angular/common": ">=20.0.0",
        "@angular/core": ">=20.0.0"
      }
    },
    "node_modules/rxjs": {
      "version": "7.8.2",
      "resolved": "https://registry.npmjs.org/rxjs/-/rxjs-7.8.2.tgz",
      "integrity": "sha512-dhKf903U/PQZY6boNNtAGdWbG85WAbjT/1xYoZIC7FAY0yWapOBQVsVrDl58W86//e1VpMNBtRV4MaXfdMySFA==",
      "license": "Apache-2.0",
      "peer": true,
      "dependencies": {
        "tslib": "^2.1.0"
      }
    },
    "node_modules/tslib": {
      "version": "2.8.1",
      "resolved": "https://registry.npmjs.org/tslib/-/tslib-2.8.1.tgz",
      "integrity": "sha512-oJFu94HQb+KVduSUQL7wnpmqnfmLsOA/nAh6b6EH0wCEoK0/mPeXU6c3wKDV83MkOuHPRHtSXKKU99IBazS/2w==",
      "license": "0BSD"
    }
  }
}
